
Microsoft Visual Studio Solution File, Format Version 12.00
# Visual Studio Version 16
VisualStudioVersion = 16.0.30907.101
MinimumVisualStudioVersion = 10.0.40219.1
Project("{FAE04EC0-301F-11D3-BF4B-00C04F79EFBC}") = "ScoreCalculator", "ScoreCalculator.csproj", "{F98578E1-E049-4367-9777-78A8D5F07FC3}"
EndProject
Global
	GlobalSection(SolutionConfigurationPlatforms) = preSolution
		Debug|Any CPU = Debug|Any CPU
		Release|Any CPU = Release|Any CPU
	EndGlobalSection
	GlobalSection(ProjectConfigurationPlatforms) = postSolution
		{F98578E1-E049-4367-9777-78A8D5F07FC3}.Debug|Any CPU.ActiveCfg = Debug|Any CPU
		{F98578E1-E049-4367-9777-78A8D5F07FC3}.Debug|Any CPU.Build.0 = Debug|Any CPU
		{F98578E1-E049-4367-9777-78A8D5F07FC3}.Release|Any CPU.ActiveCfg = Release|Any CPU
		{F98578E1-E049-4367-9777-78A8D5F07FC3}.Release|Any CPU.Build.0 = Release|Any CPU
	EndGlobalSection
	GlobalSection(SolutionProperties) = preSolution
		HideSolutionNode = FALSE
	EndGlobalSection
	GlobalSection(ExtensibilityGlobals) = postSolution
		SolutionGuid = {D16EC275-A3A5-4016-9F32-05986587D279}
	EndGlobalSection
EndGlobal
